{
  "name": "Excalibur Test",
  "version": "1.0.0",
  "lockfileVersion": 1,
  "requires": true,
  "dependencies": {
    "@capacitor/core": {
      "version": "2.4.2",
      "resolved": "https://registry.npmjs.org/@capacitor/core/-/core-2.4.2.tgz",
      "integrity": "sha512-xQyJSZo50+aAvX3ZsX5h2xJDjz1LQxGT0A6/qD1pqJVEUeDhzdfYMbxCPWbmqSONZXddHtwrTiIsjq1Wd+ukuQ==",
      "requires": {
        "tslib": "^1.9.0"
      }
    },
    "@capacitor/electron": {
      "version": "2.4.2",
      "resolved": "https://registry.npmjs.org/@capacitor/electron/-/electron-2.4.2.tgz",
      "integrity": "sha512-t/qMhhX0sabeepPxObxEBKEag+0/R1LwofjK9npxtT4dYAWLAfZ4OV3DsqvYcR3ko7QeFO4twW0QpL92WR4nDg==",
      "requires": {
        "@capacitor/core": "^2.4.2"
      }
    },
    "tslib": {
      "version": "1.14.1",
      "resolved": "https://registry.npmjs.org/tslib/-/tslib-1.14.1.tgz",
      "integrity": "sha512-Xni35NKzjgMrwevysHTCArtLDpPvye8zV/0E4EyYn43P7/7qvQwPh9BGkHewbMulVntbigmcT7rdX3BNo9wRJg=="
    }
  }
}
